hash: 462a1abaa412c8b25fa8433a57fbe443ddab41ff162c74b88dcd2f8f80b5e268
updated: 2016-06-06T13:48:48.137828028+08:00
imports:
- name: github.com/codebear4/ttlcache
  version: dbff306a9afb5319405bc8cf559bae004d004508
- name: github.com/go-yaml/yaml
  version: a83829b6f1293c91addabc89d0571c246397bbf4
- name: github.com/mailgun/cfg
  version: 209f519eeb475daf0de6399133ff05ebcb455d16
- name: github.com/miekg/dns
  version: 799de7044d952a26f7def1dac9e87ff42aa0ea79
- name: github.com/op/go-logging
  version: 970db520ece77730c7e4724c61121037378659d9
devImports: []
