hash: 53b2eb61c84aa8b1d4f5becc4725239207d526c2404cbe62e05896f1bab49c50
updated: 2016-05-27T11:00:15.190278255+08:00
imports:
- name: github.com/codebear4/ttlcache
  version: 443510b3bb74c604e9a6dfd56ff3cd10b8747f64
- name: github.com/go-yaml/yaml
  version: a83829b6f1293c91addabc89d0571c246397bbf4
- name: github.com/mailgun/cfg
  version: 209f519eeb475daf0de6399133ff05ebcb455d16
- name: github.com/miekg/dns
  version: 48ab6605c66ac797e07f615101c3e9e10e932b66
- name: github.com/op/go-logging
  version: 970db520ece77730c7e4724c61121037378659d9
- name: github.com/stretchr/testify
  version: 8d64eb7173c7753d6419fd4a9caf057398611364
- name: gopkg.in/check.v1
  version: 4f90aeace3a26ad7021961c297b22c42160c7b25
- name: gopkg.in/yaml.v2
  version: a83829b6f1293c91addabc89d0571c246397bbf4
- name: launchpad.net/gocheck
  version: "87"
devImports: []
